
Microsoft Visual Studio Solution File, Format Version 12.00
# Visual Studio Version 17
VisualStudioVersion = 17.0.31903.59
MinimumVisualStudioVersion = 10.0.40219.1
Project("{FAE04EC0-301F-11D3-BF4B-00C04F79EFBC}") = "FOODXDBROWSER", "FOODXDBROWSER\FOODXDBROWSER.csproj", "{D1A2B3AD-510E-4F6F-972E-7C453C8B8451}"
EndProject
Global
	GlobalSection(SolutionConfigurationPlatforms) = preSolution
		Debug|Any CPU = Debug|Any CPU
		Debug|x64 = Debug|x64
		Release|Any CPU = Release|Any CPU
		Release|x64 = Release|x64
	EndGlobalSection
	GlobalSection(ProjectConfigurationPlatforms) = postSolution
		{D1A2B3AD-510E-4F6F-972E-7C453C8B8451}.Debug|Any CPU.ActiveCfg = Debug|Any CPU
		{D1A2B3AD-510E-4F6F-972E-7C453C8B8451}.Debug|Any CPU.Build.0 = Debug|Any CPU
		{D1A2B3AD-510E-4F6F-972E-7C453C8B8451}.Debug|x64.ActiveCfg = Debug|x64
		{D1A2B3AD-510E-4F6F-972E-7C453C8B8451}.Debug|x64.Build.0 = Debug|x64
		{D1A2B3AD-510E-4F6F-972E-7C453C8B8451}.Release|Any CPU.ActiveCfg = Release|Any CPU
		{D1A2B3AD-510E-4F6F-972E-7C453C8B8451}.Release|Any CPU.Build.0 = Release|Any CPU
		{D1A2B3AD-510E-4F6F-972E-7C453C8B8451}.Release|x64.ActiveCfg = Release|x64
		{D1A2B3AD-510E-4F6F-972E-7C453C8B8451}.Release|x64.Build.0 = Release|x64
	EndGlobalSection
	GlobalSection(SolutionProperties) = preSolution
		HideSolutionNode = FALSE
	EndGlobalSection
	GlobalSection(ExtensibilityGlobals) = postSolution
		SolutionGuid = {B5AFF2A1-002E-4177-96B3-D2A3784A7CD8}
	EndGlobalSection
EndGlobal
